
Microsoft Visual Studio Solution File, Format Version 12.00
# Visual Studio 15
VisualStudioVersion = 15.0.28307.852
MinimumVisualStudioVersion = 10.0.40219.1
Project("{8BC9CEB8-8B4A-11D0-8D11-00A0C91BC942}") = "hw", "hw\hw.vcxproj", "{08DFA8EE-5739-4874-B613-EED0BF644FF1}"
EndProject
Global
	GlobalSection(SolutionConfigurationPlatforms) = preSolution
		Debug|x64 = Debug|x64
		Debug|x86 = Debug|x86
		Release|x64 = Release|x64
		Release|x86 = Release|x86
	EndGlobalSection
	GlobalSection(ProjectConfigurationPlatforms) = postSolution
		{08DFA8EE-5739-4874-B613-EED0BF644FF1}.Debug|x64.ActiveCfg = Debug|x64
		{08DFA8EE-5739-4874-B613-EED0BF644FF1}.Debug|x64.Build.0 = Debug|x64
		{08DFA8EE-5739-4874-B613-EED0BF644FF1}.Debug|x86.ActiveCfg = Debug|Win32
		{08DFA8EE-5739-4874-B613-EED0BF644FF1}.Debug|x86.Build.0 = Debug|Win32
		{08DFA8EE-5739-4874-B613-EED0BF644FF1}.Release|x64.ActiveCfg = Release|x64
		{08DFA8EE-5739-4874-B613-EED0BF644FF1}.Release|x64.Build.0 = Release|x64
		{08DFA8EE-5739-4874-B613-EED0BF644FF1}.Release|x86.ActiveCfg = Release|Win32
		{08DFA8EE-5739-4874-B613-EED0BF644FF1}.Release|x86.Build.0 = Release|Win32
	EndGlobalSection
	GlobalSection(SolutionProperties) = preSolution
		HideSolutionNode = FALSE
	EndGlobalSection
	GlobalSection(ExtensibilityGlobals) = postSolution
		SolutionGuid = {0763612A-FED6-4926-8A15-525DBD0B0C37}
	EndGlobalSection
EndGlobal
